
Microsoft Visual Studio Solution File, Format Version 12.00
# Visual Studio Version 17
VisualStudioVersion = 17.13.35931.197 d17.13
MinimumVisualStudioVersion = 10.0.40219.1
Project("{FAE04EC0-301F-11D3-BF4B-00C04F79EFBC}") = "Pong", "Pong\Pong.csproj", "{6814DC0E-9E51-4C6C-91B4-9426DCF29936}"
EndProject
Global
	GlobalSection(SolutionConfigurationPlatforms) = preSolution
		Debug|Any CPU = Debug|Any CPU
		Release|Any CPU = Release|Any CPU
	EndGlobalSection
	GlobalSection(ProjectConfigurationPlatforms) = postSolution
		{6814DC0E-9E51-4C6C-91B4-9426DCF29936}.Debug|Any CPU.ActiveCfg = Debug|Any CPU
		{6814DC0E-9E51-4C6C-91B4-9426DCF29936}.Debug|Any CPU.Build.0 = Debug|Any CPU
		{6814DC0E-9E51-4C6C-91B4-9426DCF29936}.Release|Any CPU.ActiveCfg = Release|Any CPU
		{6814DC0E-9E51-4C6C-91B4-9426DCF29936}.Release|Any CPU.Build.0 = Release|Any CPU
	EndGlobalSection
	GlobalSection(SolutionProperties) = preSolution
		HideSolutionNode = FALSE
	EndGlobalSection
	GlobalSection(ExtensibilityGlobals) = postSolution
		SolutionGuid = {8329E5DF-6C4C-4825-A96C-88C0AAE7F8E6}
	EndGlobalSection
EndGlobal
